
Microsoft Visual Studio Solution File, Format Version 12.00
# Visual Studio Version 17
VisualStudioVersion = 17.10.34916.146
MinimumVisualStudioVersion = 10.0.40219.1
Project("{FAE04EC0-301F-11D3-BF4B-00C04F79EFBC}") = "HelloWorldWebApi", "HelloWorldWebApi\HelloWorldWebApi.csproj", "{C07B3593-96C7-440F-98C5-5EE1A76B3D63}"
EndProject
Global
	GlobalSection(SolutionConfigurationPlatforms) = preSolution
		Debug|Any CPU = Debug|Any CPU
		Release|Any CPU = Release|Any CPU
	EndGlobalSection
	GlobalSection(ProjectConfigurationPlatforms) = postSolution
		{C07B3593-96C7-440F-98C5-5EE1A76B3D63}.Debug|Any CPU.ActiveCfg = Debug|Any CPU
		{C07B3593-96C7-440F-98C5-5EE1A76B3D63}.Debug|Any CPU.Build.0 = Debug|Any CPU
		{C07B3593-96C7-440F-98C5-5EE1A76B3D63}.Release|Any CPU.ActiveCfg = Release|Any CPU
		{C07B3593-96C7-440F-98C5-5EE1A76B3D63}.Release|Any CPU.Build.0 = Release|Any CPU
	EndGlobalSection
	GlobalSection(SolutionProperties) = preSolution
		HideSolutionNode = FALSE
	EndGlobalSection
	GlobalSection(ExtensibilityGlobals) = postSolution
		SolutionGuid = {181916A3-C2AB-4ACA-A172-CF4F7598A943}
	EndGlobalSection
EndGlobal
